
Microsoft Visual Studio Solution File, Format Version 12.00
# Visual Studio Version 16
VisualStudioVersion = 16.0.30406.217
MinimumVisualStudioVersion = 10.0.40219.1
Project("{FAE04EC0-301F-11D3-BF4B-00C04F79EFBC}") = "MVCBartenderApplication", "MVCBartenderApplication\MVCBartenderApplication.csproj", "{62BD6B31-B0D5-4E19-9DDE-F369AAA1C943}"
EndProject
Project("{FAE04EC0-301F-11D3-BF4B-00C04F79EFBC}") = "DataLibrary", "DataLibrary\DataLibrary.csproj", "{DC696312-51EE-4328-B8D9-258AA260C067}"
EndProject
Project("{00D1A9C2-B5F0-4AF3-8072-F6C62B433612}") = "BartenderDB", "BartenderDB\BartenderDB.sqlproj", "{6306866C-CD5C-4DEA-8A59-CAC8B86C6A32}"
EndProject
Global
	GlobalSection(SolutionConfigurationPlatforms) = preSolution
		Debug|Any CPU = Debug|Any CPU
		Release|Any CPU = Release|Any CPU
	EndGlobalSection
	GlobalSection(ProjectConfigurationPlatforms) = postSolution
		{62BD6B31-B0D5-4E19-9DDE-F369AAA1C943}.Debug|Any CPU.ActiveCfg = Debug|Any CPU
		{62BD6B31-B0D5-4E19-9DDE-F369AAA1C943}.Debug|Any CPU.Build.0 = Debug|Any CPU
		{62BD6B31-B0D5-4E19-9DDE-F369AAA1C943}.Release|Any CPU.ActiveCfg = Release|Any CPU
		{62BD6B31-B0D5-4E19-9DDE-F369AAA1C943}.Release|Any CPU.Build.0 = Release|Any CPU
		{DC696312-51EE-4328-B8D9-258AA260C067}.Debug|Any CPU.ActiveCfg = Debug|Any CPU
		{DC696312-51EE-4328-B8D9-258AA260C067}.Debug|Any CPU.Build.0 = Debug|Any CPU
		{DC696312-51EE-4328-B8D9-258AA260C067}.Release|Any CPU.ActiveCfg = Release|Any CPU
		{DC696312-51EE-4328-B8D9-258AA260C067}.Release|Any CPU.Build.0 = Release|Any CPU
		{6306866C-CD5C-4DEA-8A59-CAC8B86C6A32}.Debug|Any CPU.ActiveCfg = Debug|Any CPU
		{6306866C-CD5C-4DEA-8A59-CAC8B86C6A32}.Debug|Any CPU.Build.0 = Debug|Any CPU
		{6306866C-CD5C-4DEA-8A59-CAC8B86C6A32}.Debug|Any CPU.Deploy.0 = Debug|Any CPU
		{6306866C-CD5C-4DEA-8A59-CAC8B86C6A32}.Release|Any CPU.ActiveCfg = Release|Any CPU
		{6306866C-CD5C-4DEA-8A59-CAC8B86C6A32}.Release|Any CPU.Build.0 = Release|Any CPU
		{6306866C-CD5C-4DEA-8A59-CAC8B86C6A32}.Release|Any CPU.Deploy.0 = Release|Any CPU
	EndGlobalSection
	GlobalSection(SolutionProperties) = preSolution
		HideSolutionNode = FALSE
	EndGlobalSection
	GlobalSection(ExtensibilityGlobals) = postSolution
		SolutionGuid = {8BD56FED-0DB4-4BB7-9E94-A2B0FB1D5026}
	EndGlobalSection
EndGlobal
